// !$*UTF8*$!
{
	archiveVersion = 1;
	classes = {
	};
	objectVersion = 46;
	objects = {

/* Begin PBXBuildFile section */
		298D57731B7448DB00932F06 /* main.cpp in Sources */ = {isa = PBXBuildFile; fileRef = 298D57721B7448DB00932F06 /* main.cpp */; };
		29A65CDE1B789B3100B8CD0D /* GLUT.framework in Frameworks */ = {isa = PBXBuildFile; fileRef = 29A65CDC1B789B3100B8CD0D /* GLUT.framework */; };
		29A65CDF1B789B3100B8CD0D /* OpenGL.framework in Frameworks */ = {isa = PBXBuildFile; fileRef = 29A65CDD1B789B3100B8CD0D /* OpenGL.framework */; };
		29EA9A5B1D0E592F001FC796 /* DrawPrimitives.mm in Sources */ = {isa = PBXBuildFile; fileRef = 29EA9A591D0E592F001FC796 /* DrawPrimitives.mm */; };
		29EF70761D13E37F00CC0C02 /* loadShaderFile.cpp in Sources */ = {isa = PBXBuildFile; fileRef = 29EF70751D13E37F00CC0C02 /* loadShaderFile.cpp */; };
		29F4C1621D1284C2005D09F6 /* resource in CopyFiles */ = {isa = PBXBuildFile; fileRef = F6C19FE61D106A9C00380606 /* resource */; };
		F658DC6C1D11925D00B6723D /* Texture2D.mm in Sources */ = {isa = PBXBuildFile; fileRef = F6C19FDC1D105A7300380606 /* Texture2D.mm */; };
		F658DC781D11942600B6723D /* Matrix.cpp in Sources */ = {isa = PBXBuildFile; fileRef = F658DC6E1D1192C600B6723D /* Matrix.cpp */; };
		F658DC7A1D11942600B6723D /* matrix_transform.cpp in Sources */ = {isa = PBXBuildFile; fileRef = F658DC701D1192C600B6723D /* matrix_transform.cpp */; };
		F658DC7C1D11942600B6723D /* MatrixStack.cpp in Sources */ = {isa = PBXBuildFile; fileRef = F658DC721D1192C600B6723D /* MatrixStack.cpp */; };
		F658DC7E1D11942600B6723D /* mglMatrix.cpp in Sources */ = {isa = PBXBuildFile; fileRef = F658DC741D1192C600B6723D /* mglMatrix.cpp */; };
		F658DC801D11942600B6723D /* Vector3.cpp in Sources */ = {isa = PBXBuildFile; fileRef = F658DC761D1192C600B6723D /* Vector3.cpp */; };
		F666A93B1D2D36CD00859CBC /* tourial1.cpp in Sources */ = {isa = PBXBuildFile; fileRef = F666A9391D2D36CD00859CBC /* tourial1.cpp */; };
		F6A0C6621D0C10BA00255599 /* shader.cpp in Sources */ = {isa = PBXBuildFile; fileRef = F6A0C6601D0C10BA00255599 /* shader.cpp */; };
		F6C19FDE1D1068BE00380606 /* Foundation.framework in Frameworks */ = {isa = PBXBuildFile; fileRef = F6C19FDD1D1068BE00380606 /* Foundation.framework */; };
		F6C19FE01D1068CA00380606 /* Cocoa.framework in Frameworks */ = {isa = PBXBuildFile; fileRef = F6C19FDF1D1068CA00380606 /* Cocoa.framework */; };
		F6C19FE21D1068D300380606 /* AppKit.framework in Frameworks */ = {isa = PBXBuildFile; fileRef = F6C19FE11D1068D300380606 /* AppKit.framework */; };
/* End PBXBuildFile section */

/* Begin PBXCopyFilesBuildPhase section */
		298D576D1B7448DB00932F06 /* CopyFiles */ = {
			isa = PBXCopyFilesBuildPhase;
			buildActionMask = 12;
			dstPath = "";
			dstSubfolderSpec = 16;
			files = (
				29F4C1621D1284C2005D09F6 /* resource in CopyFiles */,
			);
			runOnlyForDeploymentPostprocessing = 0;
		};
/* End PBXCopyFilesBuildPhase section */

/* Begin PBXFileReference section */
		298D576F1B7448DB00932F06 /* gl02 */ = {isa = PBXFileReference; explicitFileType = "compiled.mach-o.executable"; includeInIndex = 0; path = gl02; sourceTree = BUILT_PRODUCTS_DIR; };
		298D57721B7448DB00932F06 /* main.cpp */ = {isa = PBXFileReference; lastKnownFileType = sourcecode.cpp.cpp; path = main.cpp; sourceTree = "<group>"; };
		29A65CDC1B789B3100B8CD0D /* GLUT.framework */ = {isa = PBXFileReference; lastKnownFileType = wrapper.framework; name = GLUT.framework; path = System/Library/Frameworks/GLUT.framework; sourceTree = SDKROOT; };
		29A65CDD1B789B3100B8CD0D /* OpenGL.framework */ = {isa = PBXFileReference; lastKnownFileType = wrapper.framework; name = OpenGL.framework; path = System/Library/Frameworks/OpenGL.framework; sourceTree = SDKROOT; };
		29EA9A591D0E592F001FC796 /* DrawPrimitives.mm */ = {isa = PBXFileReference; fileEncoding = 4; lastKnownFileType = sourcecode.cpp.objcpp; name = DrawPrimitives.mm; path = primitive/DrawPrimitives.mm; sourceTree = "<group>"; };
		29EA9A5A1D0E592F001FC796 /* DrawPrimitives.h */ = {isa = PBXFileReference; fileEncoding = 4; lastKnownFileType = sourcecode.c.h; name = DrawPrimitives.h; path = primitive/DrawPrimitives.h; sourceTree = "<group>"; };
		29EF70751D13E37F00CC0C02 /* loadShaderFile.cpp */ = {isa = PBXFileReference; fileEncoding = 4; lastKnownFileType = sourcecode.cpp.cpp; name = loadShaderFile.cpp; path = shader/loadShaderFile.cpp; sourceTree = "<group>"; };
		F658DC6E1D1192C600B6723D /* Matrix.cpp */ = {isa = PBXFileReference; lastKnownFileType = sourcecode.cpp.cpp; path = Matrix.cpp; sourceTree = "<group>"; };
		F658DC6F1D1192C600B6723D /* Matrix.h */ = {isa = PBXFileReference; lastKnownFileType = sourcecode.c.h; path = Matrix.h; sourceTree = "<group>"; };
		F658DC701D1192C600B6723D /* matrix_transform.cpp */ = {isa = PBXFileReference; lastKnownFileType = sourcecode.cpp.cpp; path = matrix_transform.cpp; sourceTree = "<group>"; };
		F658DC711D1192C600B6723D /* matrix_transform.h */ = {isa = PBXFileReference; lastKnownFileType = sourcecode.c.h; path = matrix_transform.h; sourceTree = "<group>"; };
		F658DC721D1192C600B6723D /* MatrixStack.cpp */ = {isa = PBXFileReference; lastKnownFileType = sourcecode.cpp.cpp; path = MatrixStack.cpp; sourceTree = "<group>"; };
		F658DC731D1192C600B6723D /* MatrixStack.h */ = {isa = PBXFileReference; lastKnownFileType = sourcecode.c.h; path = MatrixStack.h; sourceTree = "<group>"; };
		F658DC741D1192C600B6723D /* mglMatrix.cpp */ = {isa = PBXFileReference; lastKnownFileType = sourcecode.cpp.cpp; path = mglMatrix.cpp; sourceTree = "<group>"; };
		F658DC751D1192C600B6723D /* mglMatrix.h */ = {isa = PBXFileReference; lastKnownFileType = sourcecode.c.h; path = mglMatrix.h; sourceTree = "<group>"; };
		F658DC761D1192C600B6723D /* Vector3.cpp */ = {isa = PBXFileReference; lastKnownFileType = sourcecode.cpp.cpp; path = Vector3.cpp; sourceTree = "<group>"; };
		F658DC771D1192C600B6723D /* Vector3.h */ = {isa = PBXFileReference; lastKnownFileType = sourcecode.c.h; path = Vector3.h; sourceTree = "<group>"; };
		F666A9391D2D36CD00859CBC /* tourial1.cpp */ = {isa = PBXFileReference; fileEncoding = 4; lastKnownFileType = sourcecode.cpp.cpp; name = tourial1.cpp; path = tourial/tourial1.cpp; sourceTree = "<group>"; };
		F666A93A1D2D36CD00859CBC /* tourial1.h */ = {isa = PBXFileReference; fileEncoding = 4; lastKnownFileType = sourcecode.c.h; name = tourial1.h; path = tourial/tourial1.h; sourceTree = "<group>"; };
		F6A0C6601D0C10BA00255599 /* shader.cpp */ = {isa = PBXFileReference; fileEncoding = 4; lastKnownFileType = sourcecode.cpp.cpp; name = shader.cpp; path = shader/shader.cpp; sourceTree = "<group>"; };
		F6A0C6611D0C10BA00255599 /* shader.h */ = {isa = PBXFileReference; fileEncoding = 4; lastKnownFileType = sourcecode.c.h; name = shader.h; path = shader/shader.h; sourceTree = "<group>"; };
		F6C19FDB1D105A7300380606 /* Texture2D.h */ = {isa = PBXFileReference; lastKnownFileType = sourcecode.c.h; path = Texture2D.h; sourceTree = "<group>"; };
		F6C19FDC1D105A7300380606 /* Texture2D.mm */ = {isa = PBXFileReference; lastKnownFileType = sourcecode.cpp.objcpp; path = Texture2D.mm; sourceTree = "<group>"; };
		F6C19FDD1D1068BE00380606 /* Foundation.framework */ = {isa = PBXFileReference; lastKnownFileType = wrapper.framework; name = Foundation.framework; path = System/Library/Frameworks/Foundation.framework; sourceTree = SDKROOT; };
		F6C19FDF1D1068CA00380606 /* Cocoa.framework */ = {isa = PBXFileReference; lastKnownFileType = wrapper.framework; name = Cocoa.framework; path = System/Library/Frameworks/Cocoa.framework; sourceTree = SDKROOT; };
		F6C19FE11D1068D300380606 /* AppKit.framework */ = {isa = PBXFileReference; lastKnownFileType = wrapper.framework; name = AppKit.framework; path = System/Library/Frameworks/AppKit.framework; sourceTree = SDKROOT; };
		F6C19FE61D106A9C00380606 /* resource */ = {isa = PBXFileReference; lastKnownFileType = folder; path = resource; sourceTree = "<group>"; };
/* End PBXFileReference section */

/* Begin PBXFrameworksBuildPhase section */
		298D576C1B7448DB00932F06 /* Frameworks */ = {
			isa = PBXFrameworksBuildPhase;
			buildActionMask = 2147483647;
			files = (
				F6C19FE21D1068D300380606 /* AppKit.framework in Frameworks */,
				F6C19FE01D1068CA00380606 /* Cocoa.framework in Frameworks */,
				F6C19FDE1D1068BE00380606 /* Foundation.framework in Frameworks */,
				29A65CDE1B789B3100B8CD0D /* GLUT.framework in Frameworks */,
				29A65CDF1B789B3100B8CD0D /* OpenGL.framework in Frameworks */,
			);
			runOnlyForDeploymentPostprocessing = 0;
		};
/* End PBXFrameworksBuildPhase section */

/* Begin PBXGroup section */
		298D57661B7448DB00932F06 = {
			isa = PBXGroup;
			children = (
				F6A0C65E1D0C0FB900255599 /* framework */,
				298D57711B7448DB00932F06 /* gl02 */,
				298D57701B7448DB00932F06 /* Products */,
				F6C19FE61D106A9C00380606 /* resource */,
			);
			sourceTree = "<group>";
		};
		298D57701B7448DB00932F06 /* Products */ = {
			isa = PBXGroup;
			children = (
				298D576F1B7448DB00932F06 /* gl02 */,
			);
			name = Products;
			sourceTree = "<group>";
		};
		298D57711B7448DB00932F06 /* gl02 */ = {
			isa = PBXGroup;
			children = (
				F666A9381D2D369C00859CBC /* tourial */,
				F658DC6D1D1192C600B6723D /* matrix_transform */,
				29EA9A571D0E562F001FC796 /* primitive */,
				F6C19FDA1D105A7300380606 /* texture */,
				F6A0C65F1D0C109000255599 /* shader */,
				298D57721B7448DB00932F06 /* main.cpp */,
			);
			path = gl02;
			sourceTree = "<group>";
		};
		29EA9A571D0E562F001FC796 /* primitive */ = {
			isa = PBXGroup;
			children = (
				29EA9A591D0E592F001FC796 /* DrawPrimitives.mm */,
				29EA9A5A1D0E592F001FC796 /* DrawPrimitives.h */,
			);
			name = primitive;
			sourceTree = "<group>";
		};
		F658DC6D1D1192C600B6723D /* matrix_transform */ = {
			isa = PBXGroup;
			children = (
				F658DC6E1D1192C600B6723D /* Matrix.cpp */,
				F658DC6F1D1192C600B6723D /* Matrix.h */,
				F658DC701D1192C600B6723D /* matrix_transform.cpp */,
				F658DC711D1192C600B6723D /* matrix_transform.h */,
				F658DC721D1192C600B6723D /* MatrixStack.cpp */,
				F658DC731D1192C600B6723D /* MatrixStack.h */,
				F658DC741D1192C600B6723D /* mglMatrix.cpp */,
				F658DC751D1192C600B6723D /* mglMatrix.h */,
				F658DC761D1192C600B6723D /* Vector3.cpp */,
				F658DC771D1192C600B6723D /* Vector3.h */,
			);
			path = matrix_transform;
			sourceTree = "<group>";
		};
		F666A9381D2D369C00859CBC /* tourial */ = {
			isa = PBXGroup;
			children = (
				F666A9391D2D36CD00859CBC /* tourial1.cpp */,
				F666A93A1D2D36CD00859CBC /* tourial1.h */,
			);
			name = tourial;
			sourceTree = "<group>";
		};
		F6A0C65E1D0C0FB900255599 /* framework */ = {
			isa = PBXGroup;
			children = (
				F6C19FE11D1068D300380606 /* AppKit.framework */,
				F6C19FDF1D1068CA00380606 /* Cocoa.framework */,
				F6C19FDD1D1068BE00380606 /* Foundation.framework */,
				29A65CDC1B789B3100B8CD0D /* GLUT.framework */,
				29A65CDD1B789B3100B8CD0D /* OpenGL.framework */,
			);
			name = framework;
			sourceTree = "<group>";
		};
		F6A0C65F1D0C109000255599 /* shader */ = {
			isa = PBXGroup;
			children = (
				F6A0C6601D0C10BA00255599 /* shader.cpp */,
				F6A0C6611D0C10BA00255599 /* shader.h */,
				29EF70751D13E37F00CC0C02 /* loadShaderFile.cpp */,
			);
			name = shader;
			sourceTree = "<group>";
		};
		F6C19FDA1D105A7300380606 /* texture */ = {
			isa = PBXGroup;
			children = (
				F6C19FDB1D105A7300380606 /* Texture2D.h */,
				F6C19FDC1D105A7300380606 /* Texture2D.mm */,
			);
			path = texture;
			sourceTree = "<group>";
		};
/* End PBXGroup section */

/* Begin PBXNativeTarget section */
		298D576E1B7448DB00932F06 /* gl02 */ = {
			isa = PBXNativeTarget;
			buildConfigurationList = 298D57761B7448DB00932F06 /* Build configuration list for PBXNativeTarget "gl02" */;
			buildPhases = (
				298D576B1B7448DB00932F06 /* Sources */,
				298D576D1B7448DB00932F06 /* CopyFiles */,
				298D576C1B7448DB00932F06 /* Frameworks */,
			);
			buildRules = (
			);
			dependencies = (
			);
			name = gl02;
			productName = gl02;
			productReference = 298D576F1B7448DB00932F06 /* gl02 */;
			productType = "com.apple.product-type.tool";
		};
/* End PBXNativeTarget section */

/* Begin PBXProject section */
		298D57671B7448DB00932F06 /* Project object */ = {
			isa = PBXProject;
			attributes = {
				LastUpgradeCheck = 0640;
				ORGANIZATIONNAME = "鲁飞";
				TargetAttributes = {
					298D576E1B7448DB00932F06 = {
						CreatedOnToolsVersion = 6.4;
					};
				};
			};
			buildConfigurationList = 298D576A1B7448DB00932F06 /* Build configuration list for PBXProject "gl02" */;
			compatibilityVersion = "Xcode 3.2";
			developmentRegion = English;
			hasScannedForEncodings = 0;
			knownRegions = (
				en,
			);
			mainGroup = 298D57661B7448DB00932F06;
			productRefGroup = 298D57701B7448DB00932F06 /* Products */;
			projectDirPath = "";
			projectRoot = "";
			targets = (
				298D576E1B7448DB00932F06 /* gl02 */,
			);
		};
/* End PBXProject section */

/* Begin PBXSourcesBuildPhase section */
		298D576B1B7448DB00932F06 /* Sources */ = {
			isa = PBXSourcesBuildPhase;
			buildActionMask = 2147483647;
			files = (
				29EF70761D13E37F00CC0C02 /* loadShaderFile.cpp in Sources */,
				F658DC6C1D11925D00B6723D /* Texture2D.mm in Sources */,
				F658DC781D11942600B6723D /* Matrix.cpp in Sources */,
				F658DC7A1D11942600B6723D /* matrix_transform.cpp in Sources */,
				F658DC7C1D11942600B6723D /* MatrixStack.cpp in Sources */,
				F658DC7E1D11942600B6723D /* mglMatrix.cpp in Sources */,
				F658DC801D11942600B6723D /* Vector3.cpp in Sources */,
				29EA9A5B1D0E592F001FC796 /* DrawPrimitives.mm in Sources */,
				F6A0C6621D0C10BA00255599 /* shader.cpp in Sources */,
				298D57731B7448DB00932F06 /* main.cpp in Sources */,
				F666A93B1D2D36CD00859CBC /* tourial1.cpp in Sources */,
			);
			runOnlyForDeploymentPostprocessing = 0;
		};
/* End PBXSourcesBuildPhase section */

/* Begin XCBuildConfiguration section */
		298D57741B7448DB00932F06 /* Debug */ = {
			isa = XCBuildConfiguration;
			buildSettings = {
				ALWAYS_SEARCH_USER_PATHS = NO;
				CLANG_CXX_LANGUAGE_STANDARD = "gnu++0x";
				CLANG_CXX_LIBRARY = "libc++";
				CLANG_ENABLE_MODULES = YES;
				CLANG_ENABLE_OBJC_ARC = YES;
				CLANG_WARN_BOOL_CONVERSION = YES;
				CLANG_WARN_CONSTANT_CONVERSION = YES;
				CLANG_WARN_DIRECT_OBJC_ISA_USAGE = YES_ERROR;
				CLANG_WARN_EMPTY_BODY = YES;
				CLANG_WARN_ENUM_CONVERSION = YES;
				CLANG_WARN_INT_CONVERSION = YES;
				CLANG_WARN_OBJC_ROOT_CLASS = YES_ERROR;
				CLANG_WARN_UNREACHABLE_CODE = YES;
				CLANG_WARN__DUPLICATE_METHOD_MATCH = YES;
				COPY_PHASE_STRIP = NO;
				DEBUG_INFORMATION_FORMAT = dwarf;
				ENABLE_STRICT_OBJC_MSGSEND = YES;
				GCC_C_LANGUAGE_STANDARD = gnu99;
				GCC_DYNAMIC_NO_PIC = NO;
				GCC_NO_COMMON_BLOCKS = YES;
				GCC_OPTIMIZATION_LEVEL = 0;
				GCC_PREPROCESSOR_DEFINITIONS = (
					"DEBUG=1",
					"$(inherited)",
				);
				GCC_SYMBOLS_PRIVATE_EXTERN = NO;
				GCC_WARN_64_TO_32_BIT_CONVERSION = YES;
				GCC_WARN_ABOUT_RETURN_TYPE = YES_ERROR;
				GCC_WARN_UNDECLARED_SELECTOR = YES;
				GCC_WARN_UNINITIALIZED_AUTOS = YES_AGGRESSIVE;
				GCC_WARN_UNUSED_FUNCTION = YES;
				GCC_WARN_UNUSED_VARIABLE = YES;
				MACOSX_DEPLOYMENT_TARGET = 10.10;
				MTL_ENABLE_DEBUG_INFO = YES;
				ONLY_ACTIVE_ARCH = YES;
				SDKROOT = macosx;
			};
			name = Debug;
		};
		298D57751B7448DB00932F06 /* Release */ = {
			isa = XCBuildConfiguration;
			buildSettings = {
				ALWAYS_SEARCH_USER_PATHS = NO;
				CLANG_CXX_LANGUAGE_STANDARD = "gnu++0x";
				CLANG_CXX_LIBRARY = "libc++";
				CLANG_ENABLE_MODULES = YES;
				CLANG_ENABLE_OBJC_ARC = YES;
				CLANG_WARN_BOOL_CONVERSION = YES;
				CLANG_WARN_CONSTANT_CONVERSION = YES;
				CLANG_WARN_DIRECT_OBJC_ISA_USAGE = YES_ERROR;
				CLANG_WARN_EMPTY_BODY = YES;
				CLANG_WARN_ENUM_CONVERSION = YES;
				CLANG_WARN_INT_CONVERSION = YES;
				CLANG_WARN_OBJC_ROOT_CLASS = YES_ERROR;
				CLANG_WARN_UNREACHABLE_CODE = YES;
				CLANG_WARN__DUPLICATE_METHOD_MATCH = YES;
				COPY_PHASE_STRIP = NO;
				DEBUG_INFORMATION_FORMAT = "dwarf-with-dsym";
				ENABLE_NS_ASSERTIONS = NO;
				ENABLE_STRICT_OBJC_MSGSEND = YES;
				GCC_C_LANGUAGE_STANDARD = gnu99;
				GCC_NO_COMMON_BLOCKS = YES;
				GCC_WARN_64_TO_32_BIT_CONVERSION = YES;
				GCC_WARN_ABOUT_RETURN_TYPE = YES_ERROR;
				GCC_WARN_UNDECLARED_SELECTOR = YES;
				GCC_WARN_UNINITIALIZED_AUTOS = YES_AGGRESSIVE;
				GCC_WARN_UNUSED_FUNCTION = YES;
				GCC_WARN_UNUSED_VARIABLE = YES;
				MACOSX_DEPLOYMENT_TARGET = 10.10;
				MTL_ENABLE_DEBUG_INFO = NO;
				SDKROOT = macosx;
			};
			name = Release;
		};
		298D57771B7448DB00932F06 /* Debug */ = {
			isa = XCBuildConfiguration;
			buildSettings = {
				PRODUCT_NAME = "$(TARGET_NAME)";
			};
			name = Debug;
		};
		298D57781B7448DB00932F06 /* Release */ = {
			isa = XCBuildConfiguration;
			buildSettings = {
				PRODUCT_NAME = "$(TARGET_NAME)";
			};
			name = Release;
		};
/* End XCBuildConfiguration section */

/* Begin XCConfigurationList section */
		298D576A1B7448DB00932F06 /* Build configuration list for PBXProject "gl02" */ = {
			isa = XCConfigurationList;
			buildConfigurations = (
				298D57741B7448DB00932F06 /* Debug */,
				298D57751B7448DB00932F06 /* Release */,
			);
			defaultConfigurationIsVisible = 0;
			defaultConfigurationName = Release;
		};
		298D57761B7448DB00932F06 /* Build configuration list for PBXNativeTarget "gl02" */ = {
			isa = XCConfigurationList;
			buildConfigurations = (
				298D57771B7448DB00932F06 /* Debug */,
				298D57781B7448DB00932F06 /* Release */,
			);
			defaultConfigurationIsVisible = 0;
			defaultConfigurationName = Release;
		};
/* End XCConfigurationList section */
	};
	rootObject = 298D57671B7448DB00932F06 /* Project object */;
}
